
Microsoft Visual Studio Solution File, Format Version 12.00
# Visual Studio 15
VisualStudioVersion = 15.0.28307.329
MinimumVisualStudioVersion = 10.0.40219.1
Project("{FAE04EC0-301F-11D3-BF4B-00C04F79EFBC}") = "Patterns", "Patterns\Patterns.csproj", "{7D4C5C55-F058-49BE-B864-00C0489D4B7C}"
EndProject
Global
	GlobalSection(SolutionConfigurationPlatforms) = preSolution
		Debug|Any CPU = Debug|Any CPU
		Release|Any CPU = Release|Any CPU
	EndGlobalSection
	GlobalSection(ProjectConfigurationPlatforms) = postSolution
		{7D4C5C55-F058-49BE-B864-00C0489D4B7C}.Debug|Any CPU.ActiveCfg = Debug|Any CPU
		{7D4C5C55-F058-49BE-B864-00C0489D4B7C}.Debug|Any CPU.Build.0 = Debug|Any CPU
		{7D4C5C55-F058-49BE-B864-00C0489D4B7C}.Release|Any CPU.ActiveCfg = Release|Any CPU
		{7D4C5C55-F058-49BE-B864-00C0489D4B7C}.Release|Any CPU.Build.0 = Release|Any CPU
	EndGlobalSection
	GlobalSection(SolutionProperties) = preSolution
		HideSolutionNode = FALSE
	EndGlobalSection
	GlobalSection(ExtensibilityGlobals) = postSolution
		SolutionGuid = {4C68BA60-77D4-4FAC-B0D4-CB559B79CA67}
	EndGlobalSection
EndGlobal
